
Microsoft Visual Studio Solution File, Format Version 12.00
# Visual Studio Version 17
VisualStudioVersion = 17.14.36930.0
MinimumVisualStudioVersion = 10.0.40219.1
Project("{FAE04EC0-301F-11D3-BF4B-00C04F79EFBC}") = "SecondConsoleApp", "SecondConsoleApp\SecondConsoleApp.csproj", "{4401308F-AA36-4044-8474-8EE686AD6620}"
EndProject
Global
	GlobalSection(SolutionConfigurationPlatforms) = preSolution
		Debug|Any CPU = Debug|Any CPU
		Debug|x64 = Debug|x64
		Debug|x86 = Debug|x86
		Release|Any CPU = Release|Any CPU
		Release|x64 = Release|x64
		Release|x86 = Release|x86
	EndGlobalSection
	GlobalSection(ProjectConfigurationPlatforms) = postSolution
		{4401308F-AA36-4044-8474-8EE686AD6620}.Debug|Any CPU.ActiveCfg = Debug|Any CPU
		{4401308F-AA36-4044-8474-8EE686AD6620}.Debug|Any CPU.Build.0 = Debug|Any CPU
		{4401308F-AA36-4044-8474-8EE686AD6620}.Debug|x64.ActiveCfg = Debug|Any CPU
		{4401308F-AA36-4044-8474-8EE686AD6620}.Debug|x64.Build.0 = Debug|Any CPU
		{4401308F-AA36-4044-8474-8EE686AD6620}.Debug|x86.ActiveCfg = Debug|Any CPU
		{4401308F-AA36-4044-8474-8EE686AD6620}.Debug|x86.Build.0 = Debug|Any CPU
		{4401308F-AA36-4044-8474-8EE686AD6620}.Release|Any CPU.ActiveCfg = Release|Any CPU
		{4401308F-AA36-4044-8474-8EE686AD6620}.Release|Any CPU.Build.0 = Release|Any CPU
		{4401308F-AA36-4044-8474-8EE686AD6620}.Release|x64.ActiveCfg = Release|Any CPU
		{4401308F-AA36-4044-8474-8EE686AD6620}.Release|x64.Build.0 = Release|Any CPU
		{4401308F-AA36-4044-8474-8EE686AD6620}.Release|x86.ActiveCfg = Release|Any CPU
		{4401308F-AA36-4044-8474-8EE686AD6620}.Release|x86.Build.0 = Release|Any CPU
	EndGlobalSection
	GlobalSection(SolutionProperties) = preSolution
		HideSolutionNode = FALSE
	EndGlobalSection
	GlobalSection(ExtensibilityGlobals) = postSolution
		SolutionGuid = {0A86BC40-790D-4104-B3F2-54C3D2F2B089}
	EndGlobalSection
EndGlobal
