
Microsoft Visual Studio Solution File, Format Version 12.00
# Visual Studio Version 17
VisualStudioVersion = 17.14.37111.16 d17.14
MinimumVisualStudioVersion = 10.0.40219.1
Project("{FAE04EC0-301F-11D3-BF4B-00C04F79EFBC}") = "Task1", "Task1\Task1.csproj", "{2FEE40C7-72B1-489A-AD7E-AF23E37A9632}"
EndProject
Project("{FAE04EC0-301F-11D3-BF4B-00C04F79EFBC}") = "Task2", "Task2\Task2.csproj", "{5DE897D4-D295-4DD3-B1AB-326D3DB3E5D7}"
EndProject
Global
	GlobalSection(SolutionConfigurationPlatforms) = preSolution
		Debug|Any CPU = Debug|Any CPU
		Release|Any CPU = Release|Any CPU
	EndGlobalSection
	GlobalSection(ProjectConfigurationPlatforms) = postSolution
		{2FEE40C7-72B1-489A-AD7E-AF23E37A9632}.Debug|Any CPU.ActiveCfg = Debug|Any CPU
		{2FEE40C7-72B1-489A-AD7E-AF23E37A9632}.Debug|Any CPU.Build.0 = Debug|Any CPU
		{2FEE40C7-72B1-489A-AD7E-AF23E37A9632}.Release|Any CPU.ActiveCfg = Release|Any CPU
		{2FEE40C7-72B1-489A-AD7E-AF23E37A9632}.Release|Any CPU.Build.0 = Release|Any CPU
		{5DE897D4-D295-4DD3-B1AB-326D3DB3E5D7}.Debug|Any CPU.ActiveCfg = Debug|Any CPU
		{5DE897D4-D295-4DD3-B1AB-326D3DB3E5D7}.Debug|Any CPU.Build.0 = Debug|Any CPU
		{5DE897D4-D295-4DD3-B1AB-326D3DB3E5D7}.Release|Any CPU.ActiveCfg = Release|Any CPU
		{5DE897D4-D295-4DD3-B1AB-326D3DB3E5D7}.Release|Any CPU.Build.0 = Release|Any CPU
	EndGlobalSection
	GlobalSection(SolutionProperties) = preSolution
		HideSolutionNode = FALSE
	EndGlobalSection
	GlobalSection(ExtensibilityGlobals) = postSolution
		SolutionGuid = {F99B4B36-9182-4A7A-8207-3A55A8B45CDE}
	EndGlobalSection
EndGlobal
