
Microsoft Visual Studio Solution File, Format Version 12.00
# Visual Studio Version 17
VisualStudioVersion = 17.14.37111.16 d17.14
MinimumVisualStudioVersion = 10.0.40219.1
Project("{FAE04EC0-301F-11D3-BF4B-00C04F79EFBC}") = "Demo1", "Demo1\Demo1.csproj", "{6A4EB292-9E0B-45D5-874D-6479B1889085}"
EndProject
Global
	GlobalSection(SolutionConfigurationPlatforms) = preSolution
		Debug|Any CPU = Debug|Any CPU
		Release|Any CPU = Release|Any CPU
	EndGlobalSection
	GlobalSection(ProjectConfigurationPlatforms) = postSolution
		{6A4EB292-9E0B-45D5-874D-6479B1889085}.Debug|Any CPU.ActiveCfg = Debug|Any CPU
		{6A4EB292-9E0B-45D5-874D-6479B1889085}.Debug|Any CPU.Build.0 = Debug|Any CPU
		{6A4EB292-9E0B-45D5-874D-6479B1889085}.Release|Any CPU.ActiveCfg = Release|Any CPU
		{6A4EB292-9E0B-45D5-874D-6479B1889085}.Release|Any CPU.Build.0 = Release|Any CPU
	EndGlobalSection
	GlobalSection(SolutionProperties) = preSolution
		HideSolutionNode = FALSE
	EndGlobalSection
	GlobalSection(ExtensibilityGlobals) = postSolution
		SolutionGuid = {B10C0CB2-5CD9-40B3-810D-7C38940F6117}
	EndGlobalSection
EndGlobal
